
Microsoft Visual Studio Solution File, Format Version 12.00
# Visual Studio Version 17
VisualStudioVersion = 17.5.002.0
MinimumVisualStudioVersion = 10.0.40219.1
Project("{2150E333-8FDC-42A3-9474-1A3956D46DE8}") = "src", "src", "{277A6A9A-72C1-43E0-8330-E182BA7119EC}"
EndProject
Project("{9A19103F-16F7-4668-BE54-9A1E7A4F7556}") = "Play.Identity.Contracts", "src\Play.Identity.Contracts\Play.Identity.Contracts.csproj", "{B027932F-0C20-4B37-911C-8CB2F1A483CC}"
EndProject
Project("{9A19103F-16F7-4668-BE54-9A1E7A4F7556}") = "Play.Identity.Service", "src\Play.Identity.Service\Play.Identity.Service.csproj", "{EE3C7BC3-094F-44F0-98FB-B1D242B49B7F}"
EndProject
Global
	GlobalSection(SolutionConfigurationPlatforms) = preSolution
		Debug|Any CPU = Debug|Any CPU
		Release|Any CPU = Release|Any CPU
	EndGlobalSection
	GlobalSection(ProjectConfigurationPlatforms) = postSolution
		{B027932F-0C20-4B37-911C-8CB2F1A483CC}.Debug|Any CPU.ActiveCfg = Debug|Any CPU
		{B027932F-0C20-4B37-911C-8CB2F1A483CC}.Debug|Any CPU.Build.0 = Debug|Any CPU
		{B027932F-0C20-4B37-911C-8CB2F1A483CC}.Release|Any CPU.ActiveCfg = Release|Any CPU
		{B027932F-0C20-4B37-911C-8CB2F1A483CC}.Release|Any CPU.Build.0 = Release|Any CPU
		{EE3C7BC3-094F-44F0-98FB-B1D242B49B7F}.Debug|Any CPU.ActiveCfg = Debug|Any CPU
		{EE3C7BC3-094F-44F0-98FB-B1D242B49B7F}.Debug|Any CPU.Build.0 = Debug|Any CPU
		{EE3C7BC3-094F-44F0-98FB-B1D242B49B7F}.Release|Any CPU.ActiveCfg = Release|Any CPU
		{EE3C7BC3-094F-44F0-98FB-B1D242B49B7F}.Release|Any CPU.Build.0 = Release|Any CPU
	EndGlobalSection
	GlobalSection(SolutionProperties) = preSolution
		HideSolutionNode = FALSE
	EndGlobalSection
	GlobalSection(NestedProjects) = preSolution
		{B027932F-0C20-4B37-911C-8CB2F1A483CC} = {277A6A9A-72C1-43E0-8330-E182BA7119EC}
		{EE3C7BC3-094F-44F0-98FB-B1D242B49B7F} = {277A6A9A-72C1-43E0-8330-E182BA7119EC}
	EndGlobalSection
	GlobalSection(ExtensibilityGlobals) = postSolution
		SolutionGuid = {2701DB3F-1C73-45D4-AC22-6FED67162AEE}
	EndGlobalSection
EndGlobal
